
Microsoft Visual Studio Solution File, Format Version 12.00
# Visual Studio Version 16
VisualStudioVersion = 16.0.30204.135
MinimumVisualStudioVersion = 10.0.40219.1
Project("{FAE04EC0-301F-11D3-BF4B-00C04F79EFBC}") = "Task1", "HomeworkLesson5\Task1.csproj", "{097672DB-3810-4086-AA6F-DB8150902EED}"
EndProject
Project("{FAE04EC0-301F-11D3-BF4B-00C04F79EFBC}") = "Task2", "Task2\Task2.csproj", "{7D058E85-7372-4434-AA2C-B0B5C74B7AD7}"
EndProject
Project("{FAE04EC0-301F-11D3-BF4B-00C04F79EFBC}") = "Task3", "Task3\Task3.csproj", "{2EB2EF45-D352-4556-B0FC-6AB56D5B81B4}"
EndProject
Project("{FAE04EC0-301F-11D3-BF4B-00C04F79EFBC}") = "Task4", "Task4\Task4.csproj", "{C4C9B01A-95DE-4C1B-872C-7442AAD64047}"
EndProject
Project("{FAE04EC0-301F-11D3-BF4B-00C04F79EFBC}") = "Task5", "Task5\Task5.csproj", "{01CF2C98-07CB-4D0E-9FF1-C7ACAA4157BD}"
EndProject
Project("{FAE04EC0-301F-11D3-BF4B-00C04F79EFBC}") = "Task6", "Task6\Task6.csproj", "{355DA465-D1B9-46AA-8FCA-F3447E855012}"
EndProject
Project("{FAE04EC0-301F-11D3-BF4B-00C04F79EFBC}") = "Task7", "Task7\Task7.csproj", "{666A8867-F4FE-446A-89AF-1FAE5CDD19D9}"
EndProject
Project("{FAE04EC0-301F-11D3-BF4B-00C04F79EFBC}") = "Task8", "Task8\Task8.csproj", "{C848EB7E-1F20-430E-B127-CE2C50B61DA6}"
EndProject
Project("{FAE04EC0-301F-11D3-BF4B-00C04F79EFBC}") = "Task9", "Task9\Task9.csproj", "{52839416-5E3E-468D-B571-9406F300F234}"
EndProject
Project("{FAE04EC0-301F-11D3-BF4B-00C04F79EFBC}") = "Task10", "Task10\Task10.csproj", "{1446DC3B-066E-4427-82A1-A1D97D3C6598}"
EndProject
Project("{FAE04EC0-301F-11D3-BF4B-00C04F79EFBC}") = "Task11", "Task11\Task11.csproj", "{EBF4F727-46E4-44DF-8161-62EFE4CA7DCA}"
EndProject
Project("{FAE04EC0-301F-11D3-BF4B-00C04F79EFBC}") = "AdditionalTask1", "AdditionalTask1\AdditionalTask1.csproj", "{CB7C4501-A913-49B9-9C97-7F34052A82BD}"
EndProject
Global
	GlobalSection(SolutionConfigurationPlatforms) = preSolution
		Debug|Any CPU = Debug|Any CPU
		Release|Any CPU = Release|Any CPU
	EndGlobalSection
	GlobalSection(ProjectConfigurationPlatforms) = postSolution
		{097672DB-3810-4086-AA6F-DB8150902EED}.Debug|Any CPU.ActiveCfg = Debug|Any CPU
		{097672DB-3810-4086-AA6F-DB8150902EED}.Debug|Any CPU.Build.0 = Debug|Any CPU
		{097672DB-3810-4086-AA6F-DB8150902EED}.Release|Any CPU.ActiveCfg = Release|Any CPU
		{097672DB-3810-4086-AA6F-DB8150902EED}.Release|Any CPU.Build.0 = Release|Any CPU
		{7D058E85-7372-4434-AA2C-B0B5C74B7AD7}.Debug|Any CPU.ActiveCfg = Debug|Any CPU
		{7D058E85-7372-4434-AA2C-B0B5C74B7AD7}.Debug|Any CPU.Build.0 = Debug|Any CPU
		{7D058E85-7372-4434-AA2C-B0B5C74B7AD7}.Release|Any CPU.ActiveCfg = Release|Any CPU
		{7D058E85-7372-4434-AA2C-B0B5C74B7AD7}.Release|Any CPU.Build.0 = Release|Any CPU
		{2EB2EF45-D352-4556-B0FC-6AB56D5B81B4}.Debug|Any CPU.ActiveCfg = Debug|Any CPU
		{2EB2EF45-D352-4556-B0FC-6AB56D5B81B4}.Debug|Any CPU.Build.0 = Debug|Any CPU
		{2EB2EF45-D352-4556-B0FC-6AB56D5B81B4}.Release|Any CPU.ActiveCfg = Release|Any CPU
		{2EB2EF45-D352-4556-B0FC-6AB56D5B81B4}.Release|Any CPU.Build.0 = Release|Any CPU
		{C4C9B01A-95DE-4C1B-872C-7442AAD64047}.Debug|Any CPU.ActiveCfg = Debug|Any CPU
		{C4C9B01A-95DE-4C1B-872C-7442AAD64047}.Debug|Any CPU.Build.0 = Debug|Any CPU
		{C4C9B01A-95DE-4C1B-872C-7442AAD64047}.Release|Any CPU.ActiveCfg = Release|Any CPU
		{C4C9B01A-95DE-4C1B-872C-7442AAD64047}.Release|Any CPU.Build.0 = Release|Any CPU
		{01CF2C98-07CB-4D0E-9FF1-C7ACAA4157BD}.Debug|Any CPU.ActiveCfg = Debug|Any CPU
		{01CF2C98-07CB-4D0E-9FF1-C7ACAA4157BD}.Debug|Any CPU.Build.0 = Debug|Any CPU
		{01CF2C98-07CB-4D0E-9FF1-C7ACAA4157BD}.Release|Any CPU.ActiveCfg = Release|Any CPU
		{01CF2C98-07CB-4D0E-9FF1-C7ACAA4157BD}.Release|Any CPU.Build.0 = Release|Any CPU
		{355DA465-D1B9-46AA-8FCA-F3447E855012}.Debug|Any CPU.ActiveCfg = Debug|Any CPU
		{355DA465-D1B9-46AA-8FCA-F3447E855012}.Debug|Any CPU.Build.0 = Debug|Any CPU
		{355DA465-D1B9-46AA-8FCA-F3447E855012}.Release|Any CPU.ActiveCfg = Release|Any CPU
		{355DA465-D1B9-46AA-8FCA-F3447E855012}.Release|Any CPU.Build.0 = Release|Any CPU
		{666A8867-F4FE-446A-89AF-1FAE5CDD19D9}.Debug|Any CPU.ActiveCfg = Debug|Any CPU
		{666A8867-F4FE-446A-89AF-1FAE5CDD19D9}.Debug|Any CPU.Build.0 = Debug|Any CPU
		{666A8867-F4FE-446A-89AF-1FAE5CDD19D9}.Release|Any CPU.ActiveCfg = Release|Any CPU
		{666A8867-F4FE-446A-89AF-1FAE5CDD19D9}.Release|Any CPU.Build.0 = Release|Any CPU
		{C848EB7E-1F20-430E-B127-CE2C50B61DA6}.Debug|Any CPU.ActiveCfg = Debug|Any CPU
		{C848EB7E-1F20-430E-B127-CE2C50B61DA6}.Debug|Any CPU.Build.0 = Debug|Any CPU
		{C848EB7E-1F20-430E-B127-CE2C50B61DA6}.Release|Any CPU.ActiveCfg = Release|Any CPU
		{C848EB7E-1F20-430E-B127-CE2C50B61DA6}.Release|Any CPU.Build.0 = Release|Any CPU
		{52839416-5E3E-468D-B571-9406F300F234}.Debug|Any CPU.ActiveCfg = Debug|Any CPU
		{52839416-5E3E-468D-B571-9406F300F234}.Debug|Any CPU.Build.0 = Debug|Any CPU
		{52839416-5E3E-468D-B571-9406F300F234}.Release|Any CPU.ActiveCfg = Release|Any CPU
		{52839416-5E3E-468D-B571-9406F300F234}.Release|Any CPU.Build.0 = Release|Any CPU
		{1446DC3B-066E-4427-82A1-A1D97D3C6598}.Debug|Any CPU.ActiveCfg = Debug|Any CPU
		{1446DC3B-066E-4427-82A1-A1D97D3C6598}.Debug|Any CPU.Build.0 = Debug|Any CPU
		{1446DC3B-066E-4427-82A1-A1D97D3C6598}.Release|Any CPU.ActiveCfg = Release|Any CPU
		{1446DC3B-066E-4427-82A1-A1D97D3C6598}.Release|Any CPU.Build.0 = Release|Any CPU
		{EBF4F727-46E4-44DF-8161-62EFE4CA7DCA}.Debug|Any CPU.ActiveCfg = Debug|Any CPU
		{EBF4F727-46E4-44DF-8161-62EFE4CA7DCA}.Debug|Any CPU.Build.0 = Debug|Any CPU
		{EBF4F727-46E4-44DF-8161-62EFE4CA7DCA}.Release|Any CPU.ActiveCfg = Release|Any CPU
		{EBF4F727-46E4-44DF-8161-62EFE4CA7DCA}.Release|Any CPU.Build.0 = Release|Any CPU
		{CB7C4501-A913-49B9-9C97-7F34052A82BD}.Debug|Any CPU.ActiveCfg = Debug|Any CPU
		{CB7C4501-A913-49B9-9C97-7F34052A82BD}.Debug|Any CPU.Build.0 = Debug|Any CPU
		{CB7C4501-A913-49B9-9C97-7F34052A82BD}.Release|Any CPU.ActiveCfg = Release|Any CPU
		{CB7C4501-A913-49B9-9C97-7F34052A82BD}.Release|Any CPU.Build.0 = Release|Any CPU
	EndGlobalSection
	GlobalSection(SolutionProperties) = preSolution
		HideSolutionNode = FALSE
	EndGlobalSection
	GlobalSection(ExtensibilityGlobals) = postSolution
		SolutionGuid = {B26A7C50-6156-437E-B550-5AAC88648889}
	EndGlobalSection
EndGlobal
